
Microsoft Visual Studio Solution File, Format Version 12.00
Project("{FAE04EC0-301F-11D3-BF4B-00C04F79EFBC}") = "Bussig.Postgres", "src\Bussig.Postgres\Bussig.Postgres.csproj", "{E7D4E7B6-A289-4F3A-91AA-3EE503067C53}"
EndProject
Project("{FAE04EC0-301F-11D3-BF4B-00C04F79EFBC}") = "Bussig", "src\Bussig\Bussig.csproj", "{02DE2C15-5CCA-47A3-8629-7D6C1B78FEB8}"
EndProject
Project("{2150E333-8FDC-42A3-9474-1A3956D46DE8}") = "Solution Items", "Solution Items", "{C1896508-A0BC-41BD-B793-938EB40F819D}"
	ProjectSection(SolutionItems) = preProject
		.gitattributes = .gitattributes
		.gitignore = .gitignore
		LICENSE = LICENSE
		Directory.Build.props = Directory.Build.props
		README.md = README.md
		.config\dotnet-tools.json = .config\dotnet-tools.json
	EndProjectSection
EndProject
Project("{FAE04EC0-301F-11D3-BF4B-00C04F79EFBC}") = "Bussig.Tests.Unit", "src\Bussig.Tests.Unit\Bussig.Tests.Unit.csproj", "{9E51524C-9E61-4EDF-AF25-676A48E8F3B9}"
EndProject
Project("{2150E333-8FDC-42A3-9474-1A3956D46DE8}") = "Tests", "Tests", "{2FE1F5E3-F41C-4DDC-AC2D-9F671193F5B4}"
EndProject
Project("{FAE04EC0-301F-11D3-BF4B-00C04F79EFBC}") = "Bussig.Postgres.Tests.Integration", "src\Bussig.Postgres.Tests.Integration\Bussig.Postgres.Tests.Integration.csproj", "{D95C1A76-F027-487F-9B10-48AE64BC1625}"
EndProject
Project("{FAE04EC0-301F-11D3-BF4B-00C04F79EFBC}") = "Bussig.Abstractions", "src\Bussig.Abstractions\Bussig.Abstractions.csproj", "{C08B04B5-9DD0-4A14-B5C3-37140F412572}"
EndProject
Project("{FAE04EC0-301F-11D3-BF4B-00C04F79EFBC}") = "Playground", "src\examples\Playground\Playground.csproj", "{4F77AF68-3B2B-40F7-85C2-1F40732C5211}"
EndProject
Global
	GlobalSection(SolutionConfigurationPlatforms) = preSolution
		Debug|Any CPU = Debug|Any CPU
		Release|Any CPU = Release|Any CPU
	EndGlobalSection
	GlobalSection(ProjectConfigurationPlatforms) = postSolution
		{E7D4E7B6-A289-4F3A-91AA-3EE503067C53}.Debug|Any CPU.ActiveCfg = Debug|Any CPU
		{E7D4E7B6-A289-4F3A-91AA-3EE503067C53}.Debug|Any CPU.Build.0 = Debug|Any CPU
		{E7D4E7B6-A289-4F3A-91AA-3EE503067C53}.Release|Any CPU.ActiveCfg = Release|Any CPU
		{E7D4E7B6-A289-4F3A-91AA-3EE503067C53}.Release|Any CPU.Build.0 = Release|Any CPU
		{02DE2C15-5CCA-47A3-8629-7D6C1B78FEB8}.Debug|Any CPU.ActiveCfg = Debug|Any CPU
		{02DE2C15-5CCA-47A3-8629-7D6C1B78FEB8}.Debug|Any CPU.Build.0 = Debug|Any CPU
		{02DE2C15-5CCA-47A3-8629-7D6C1B78FEB8}.Release|Any CPU.ActiveCfg = Release|Any CPU
		{02DE2C15-5CCA-47A3-8629-7D6C1B78FEB8}.Release|Any CPU.Build.0 = Release|Any CPU
		{9E51524C-9E61-4EDF-AF25-676A48E8F3B9}.Debug|Any CPU.ActiveCfg = Debug|Any CPU
		{9E51524C-9E61-4EDF-AF25-676A48E8F3B9}.Debug|Any CPU.Build.0 = Debug|Any CPU
		{9E51524C-9E61-4EDF-AF25-676A48E8F3B9}.Release|Any CPU.ActiveCfg = Release|Any CPU
		{9E51524C-9E61-4EDF-AF25-676A48E8F3B9}.Release|Any CPU.Build.0 = Release|Any CPU
		{D95C1A76-F027-487F-9B10-48AE64BC1625}.Debug|Any CPU.ActiveCfg = Debug|Any CPU
		{D95C1A76-F027-487F-9B10-48AE64BC1625}.Debug|Any CPU.Build.0 = Debug|Any CPU
		{D95C1A76-F027-487F-9B10-48AE64BC1625}.Release|Any CPU.ActiveCfg = Release|Any CPU
		{D95C1A76-F027-487F-9B10-48AE64BC1625}.Release|Any CPU.Build.0 = Release|Any CPU
		{C08B04B5-9DD0-4A14-B5C3-37140F412572}.Debug|Any CPU.ActiveCfg = Debug|Any CPU
		{C08B04B5-9DD0-4A14-B5C3-37140F412572}.Debug|Any CPU.Build.0 = Debug|Any CPU
		{C08B04B5-9DD0-4A14-B5C3-37140F412572}.Release|Any CPU.ActiveCfg = Release|Any CPU
		{C08B04B5-9DD0-4A14-B5C3-37140F412572}.Release|Any CPU.Build.0 = Release|Any CPU
		{4F77AF68-3B2B-40F7-85C2-1F40732C5211}.Debug|Any CPU.ActiveCfg = Debug|Any CPU
		{4F77AF68-3B2B-40F7-85C2-1F40732C5211}.Debug|Any CPU.Build.0 = Debug|Any CPU
		{4F77AF68-3B2B-40F7-85C2-1F40732C5211}.Release|Any CPU.ActiveCfg = Release|Any CPU
		{4F77AF68-3B2B-40F7-85C2-1F40732C5211}.Release|Any CPU.Build.0 = Release|Any CPU
	EndGlobalSection
	GlobalSection(NestedProjects) = preSolution
		{9E51524C-9E61-4EDF-AF25-676A48E8F3B9} = {2FE1F5E3-F41C-4DDC-AC2D-9F671193F5B4}
		{D95C1A76-F027-487F-9B10-48AE64BC1625} = {2FE1F5E3-F41C-4DDC-AC2D-9F671193F5B4}
	EndGlobalSection
EndGlobal
